
Microsoft Visual Studio Solution File, Format Version 12.00
# Visual Studio Version 17
VisualStudioVersion = 17.11.35327.3
MinimumVisualStudioVersion = 10.0.40219.1
Project("{FAE04EC0-301F-11D3-BF4B-00C04F79EFBC}") = "API", "API\API.csproj", "{9E66A849-19E7-499C-8E15-7FDBEB2B02EC}"
EndProject
Project("{FAE04EC0-301F-11D3-BF4B-00C04F79EFBC}") = "Core", "Core\Core.csproj", "{9C999D61-52CE-440D-AEA2-8C62DCF83546}"
EndProject
Project("{FAE04EC0-301F-11D3-BF4B-00C04F79EFBC}") = "Infrastructure", "Infrastructure\Infrastructure.csproj", "{325D6999-F71C-44CA-BD95-27FD3D2CB460}"
EndProject
Global
	GlobalSection(SolutionConfigurationPlatforms) = preSolution
		Debug|Any CPU = Debug|Any CPU
		Release|Any CPU = Release|Any CPU
	EndGlobalSection
	GlobalSection(ProjectConfigurationPlatforms) = postSolution
		{9E66A849-19E7-499C-8E15-7FDBEB2B02EC}.Debug|Any CPU.ActiveCfg = Debug|Any CPU
		{9E66A849-19E7-499C-8E15-7FDBEB2B02EC}.Debug|Any CPU.Build.0 = Debug|Any CPU
		{9E66A849-19E7-499C-8E15-7FDBEB2B02EC}.Release|Any CPU.ActiveCfg = Release|Any CPU
		{9E66A849-19E7-499C-8E15-7FDBEB2B02EC}.Release|Any CPU.Build.0 = Release|Any CPU
		{9C999D61-52CE-440D-AEA2-8C62DCF83546}.Debug|Any CPU.ActiveCfg = Debug|Any CPU
		{9C999D61-52CE-440D-AEA2-8C62DCF83546}.Debug|Any CPU.Build.0 = Debug|Any CPU
		{9C999D61-52CE-440D-AEA2-8C62DCF83546}.Release|Any CPU.ActiveCfg = Release|Any CPU
		{9C999D61-52CE-440D-AEA2-8C62DCF83546}.Release|Any CPU.Build.0 = Release|Any CPU
		{325D6999-F71C-44CA-BD95-27FD3D2CB460}.Debug|Any CPU.ActiveCfg = Debug|Any CPU
		{325D6999-F71C-44CA-BD95-27FD3D2CB460}.Debug|Any CPU.Build.0 = Debug|Any CPU
		{325D6999-F71C-44CA-BD95-27FD3D2CB460}.Release|Any CPU.ActiveCfg = Release|Any CPU
		{325D6999-F71C-44CA-BD95-27FD3D2CB460}.Release|Any CPU.Build.0 = Release|Any CPU
	EndGlobalSection
	GlobalSection(SolutionProperties) = preSolution
		HideSolutionNode = FALSE
	EndGlobalSection
	GlobalSection(ExtensibilityGlobals) = postSolution
		SolutionGuid = {9E919341-2E44-4E9D-9A3B-490B6DF0E50D}
	EndGlobalSection
EndGlobal
